
Microsoft Visual Studio Solution File, Format Version 12.00
# Visual Studio Version 17
VisualStudioVersion = 17.3.32922.545
MinimumVisualStudioVersion = 10.0.40219.1
Project("{FAE04EC0-301F-11D3-BF4B-00C04F79EFBC}") = "MD5_Password_Cracker", "MD5_Password_Cracker\MD5_Password_Cracker.csproj", "{A1EE7109-53A8-4C92-AE17-A2A635FA5AF0}"
EndProject
Global
	GlobalSection(SolutionConfigurationPlatforms) = preSolution
		Debug|Any CPU = Debug|Any CPU
		Release|Any CPU = Release|Any CPU
	EndGlobalSection
	GlobalSection(ProjectConfigurationPlatforms) = postSolution
		{A1EE7109-53A8-4C92-AE17-A2A635FA5AF0}.Debug|Any CPU.ActiveCfg = Debug|Any CPU
		{A1EE7109-53A8-4C92-AE17-A2A635FA5AF0}.Debug|Any CPU.Build.0 = Debug|Any CPU
		{A1EE7109-53A8-4C92-AE17-A2A635FA5AF0}.Release|Any CPU.ActiveCfg = Release|Any CPU
		{A1EE7109-53A8-4C92-AE17-A2A635FA5AF0}.Release|Any CPU.Build.0 = Release|Any CPU
	EndGlobalSection
	GlobalSection(SolutionProperties) = preSolution
		HideSolutionNode = FALSE
	EndGlobalSection
	GlobalSection(ExtensibilityGlobals) = postSolution
		SolutionGuid = {EEC31CC3-76FA-49D9-821B-05434BCAFE02}
	EndGlobalSection
EndGlobal
